
Microsoft Visual Studio Solution File, Format Version 12.00
# Visual Studio Version 16
VisualStudioVersion = 16.0.31729.503
MinimumVisualStudioVersion = 10.0.40219.1
Project("{888888A0-9F3D-457C-B088-3A5042F75D52}") = "crawler", "crawler.pyproj", "{A0AF3001-7AEE-4C93-AA28-87798D1EA147}"
EndProject
Global
	GlobalSection(SolutionConfigurationPlatforms) = preSolution
		Debug|Any CPU = Debug|Any CPU
		Release|Any CPU = Release|Any CPU
	EndGlobalSection
	GlobalSection(ProjectConfigurationPlatforms) = postSolution
		{A0AF3001-7AEE-4C93-AA28-87798D1EA147}.Debug|Any CPU.ActiveCfg = Debug|Any CPU
		{A0AF3001-7AEE-4C93-AA28-87798D1EA147}.Release|Any CPU.ActiveCfg = Release|Any CPU
	EndGlobalSection
	GlobalSection(SolutionProperties) = preSolution
		HideSolutionNode = FALSE
	EndGlobalSection
	GlobalSection(ExtensibilityGlobals) = postSolution
		SolutionGuid = {DC9345FD-235D-4C8E-91D3-48F1C9BBA023}
	EndGlobalSection
EndGlobal
